<?xml version="1.0" encoding="utf-8"?>
<Project ToolsVersion="4.0" xmlns="http://schemas.microsoft.com/developer/msbuild/2003">
  <ItemGroup>
    <Filter Include="include">
      <UniqueIdentifier>{89AF369E-F58E-B539-FEA6-40106A051C9B}</UniqueIdentifier>
    </Filter>
    <Filter Include="include\nvrhi">
      <UniqueIdentifier>{BF16D4A5-2BD7-4FDC-F411-9959609194B8}</UniqueIdentifier>
    </Filter>
    <Filter Include="include\nvrhi\common">
      <UniqueIdentifier>{374BB34D-23DA-3C17-CCF8-5012B8664DBD}</UniqueIdentifier>
    </Filter>
    <Filter Include="src">
      <UniqueIdentifier>{2DAB880B-99B4-887C-2230-9F7C8E38947C}</UniqueIdentifier>
    </Filter>
    <Filter Include="src\common">
      <UniqueIdentifier>{E5D74254-D18F-84A1-3A97-5DFD266E1F92}</UniqueIdentifier>
    </Filter>
    <Filter Include="src\d3d11">
      <UniqueIdentifier>{1948EBB4-85B2-9F2B-CEF0-50D13A9A7D80}</UniqueIdentifier>
    </Filter>
    <Filter Include="src\d3d12">
      <UniqueIdentifier>{1A48EBB4-86B2-9F2B-CFF0-50D13B9A7D80}</UniqueIdentifier>
    </Filter>
    <Filter Include="src\validation">
      <UniqueIdentifier>{C77D839B-B34B-77A1-9CDF-E7C7884C5306}</UniqueIdentifier>
    </Filter>
    <Filter Include="src\vulkan">
      <UniqueIdentifier>{2DD80081-1990-42CE-8297-1B2A6E6EDDBE}</UniqueIdentifier>
    </Filter>
    <Filter Include="thirdparty">
      <UniqueIdentifier>{50A5DA7C-3C5D-1CCA-A564-F525913BB7BA}</UniqueIdentifier>
    </Filter>
    <Filter Include="thirdparty\DirectX-Headers">
      <UniqueIdentifier>{FB2E0F69-E73E-BB39-50F8-1F583C27AAD2}</UniqueIdentifier>
    </Filter>
    <Filter Include="thirdparty\DirectX-Headers\include">
      <UniqueIdentifier>{6E21ED94-5A5D-F0FE-C36F-08F6AFCA9819}</UniqueIdentifier>
    </Filter>
    <Filter Include="thirdparty\DirectX-Headers\include\directx">
      <UniqueIdentifier>{702A02B9-5C92-C886-C5FD-DC9CB184DF72}</UniqueIdentifier>
    </Filter>
    <Filter Include="thirdparty\DirectX-Headers\include\dxguids">
      <UniqueIdentifier>{D55B41DB-C1C3-07A9-2A2F-1CBF16B61E95}</UniqueIdentifier>
    </Filter>
    <Filter Include="thirdparty\DirectX-Headers\include\wsl">
      <UniqueIdentifier>{B3F777A0-9F49-4F90-8868-8CA074596879}</UniqueIdentifier>
    </Filter>
    <Filter Include="thirdparty\DirectX-Headers\include\wsl\stubs">
      <UniqueIdentifier>{33C45297-1FD7-52F0-C8C0-2FDDB4B2EF3D}</UniqueIdentifier>
    </Filter>
    <Filter Include="thirdparty\DirectX-Headers\include\wsl\stubs\wrl">
      <UniqueIdentifier>{D774CBCE-C31D-33FE-ECB3-4E7DD8BB4D3F}</UniqueIdentifier>
    </Filter>
    <Filter Include="thirdparty\DirectX-Headers\src">
      <UniqueIdentifier>{92F2CFAA-7E18-9A11-675E-1FDD5323BFDD}</UniqueIdentifier>
    </Filter>
    <Filter Include="thirdparty\Vulkan-Headers">
      <UniqueIdentifier>{B9CD4492-2590-781C-6E40-07A9DA4151FA}</UniqueIdentifier>
    </Filter>
    <Filter Include="thirdparty\Vulkan-Headers\include">
      <UniqueIdentifier>{2C9E3C65-980C-92E4-E1F5-4CE44DA38780}</UniqueIdentifier>
    </Filter>
    <Filter Include="thirdparty\Vulkan-Headers\include\vk_video">
      <UniqueIdentifier>{123D149C-FEA4-DA69-6710-EF7F5397F155}</UniqueIdentifier>
    </Filter>
    <Filter Include="thirdparty\Vulkan-Headers\include\vulkan">
      <UniqueIdentifier>{4C962324-3813-1767-6190-177B4D6CB3FA}</UniqueIdentifier>
    </Filter>
  </ItemGroup>
  <ItemGroup>
    <ClInclude Include="include\nvrhi\common\aftermath.h">
      <Filter>include\nvrhi\common</Filter>
    </ClInclude>
    <ClInclude Include="include\nvrhi\common\containers.h">
      <Filter>include\nvrhi\common</Filter>
    </ClInclude>
    <ClInclude Include="include\nvrhi\common\misc.h">
      <Filter>include\nvrhi\common</Filter>
    </ClInclude>
    <ClInclude Include="include\nvrhi\common\resource.h">
      <Filter>include\nvrhi\common</Filter>
    </ClInclude>
    <ClInclude Include="include\nvrhi\common\resourcebindingmap.h">
      <Filter>include\nvrhi\common</Filter>
    </ClInclude>
    <ClInclude Include="include\nvrhi\d3d11.h">
      <Filter>include\nvrhi</Filter>
    </ClInclude>
    <ClInclude Include="include\nvrhi\d3d12.h">
      <Filter>include\nvrhi</Filter>
    </ClInclude>
    <ClInclude Include="include\nvrhi\nvrhi.h">
      <Filter>include\nvrhi</Filter>
    </ClInclude>
    <ClInclude Include="include\nvrhi\nvrhiHLSL.h">
      <Filter>include\nvrhi</Filter>
    </ClInclude>
    <ClInclude Include="include\nvrhi\utils.h">
      <Filter>include\nvrhi</Filter>
    </ClInclude>
    <ClInclude Include="include\nvrhi\validation.h">
      <Filter>include\nvrhi</Filter>
    </ClInclude>
    <ClInclude Include="include\nvrhi\vulkan.h">
      <Filter>include\nvrhi</Filter>
    </ClInclude>
    <ClInclude Include="src\common\dxgi-format.h">
      <Filter>src\common</Filter>
    </ClInclude>
    <ClInclude Include="src\common\sparse-bitset.h">
      <Filter>src\common</Filter>
    </ClInclude>
    <ClInclude Include="src\common\state-tracking.h">
      <Filter>src\common</Filter>
    </ClInclude>
    <ClInclude Include="src\common\versioning.h">
      <Filter>src\common</Filter>
    </ClInclude>
    <ClInclude Include="src\d3d11\d3d11-backend.h">
      <Filter>src\d3d11</Filter>
    </ClInclude>
    <ClInclude Include="src\d3d12\d3d12-backend.h">
      <Filter>src\d3d12</Filter>
    </ClInclude>
    <ClInclude Include="src\validation\validation-backend.h">
      <Filter>src\validation</Filter>
    </ClInclude>
    <ClInclude Include="src\vulkan\vulkan-backend.h">
      <Filter>src\vulkan</Filter>
    </ClInclude>
    <ClInclude Include="thirdparty\DirectX-Headers\include\directx\DirectML.h">
      <Filter>thirdparty\DirectX-Headers\include\directx</Filter>
    </ClInclude>
    <ClInclude Include="thirdparty\DirectX-Headers\include\directx\d3d12.h">
      <Filter>thirdparty\DirectX-Headers\include\directx</Filter>
    </ClInclude>
    <ClInclude Include="thirdparty\DirectX-Headers\include\directx\d3d12compatibility.h">
      <Filter>thirdparty\DirectX-Headers\include\directx</Filter>
    </ClInclude>
    <ClInclude Include="thirdparty\DirectX-Headers\include\directx\d3d12sdklayers.h">
      <Filter>thirdparty\DirectX-Headers\include\directx</Filter>
    </ClInclude>
    <ClInclude Include="thirdparty\DirectX-Headers\include\directx\d3d12shader.h">
      <Filter>thirdparty\DirectX-Headers\include\directx</Filter>
    </ClInclude>
    <ClInclude Include="thirdparty\DirectX-Headers\include\directx\d3d12video.h">
      <Filter>thirdparty\DirectX-Headers\include\directx</Filter>
    </ClInclude>
    <ClInclude Include="thirdparty\DirectX-Headers\include\directx\d3dcommon.h">
      <Filter>thirdparty\DirectX-Headers\include\directx</Filter>
    </ClInclude>
    <ClInclude Include="thirdparty\DirectX-Headers\include\directx\d3dx12.h">
      <Filter>thirdparty\DirectX-Headers\include\directx</Filter>
    </ClInclude>
    <ClInclude Include="thirdparty\DirectX-Headers\include\directx\d3dx12_barriers.h">
      <Filter>thirdparty\DirectX-Headers\include\directx</Filter>
    </ClInclude>
    <ClInclude Include="thirdparty\DirectX-Headers\include\directx\d3dx12_check_feature_support.h">
      <Filter>thirdparty\DirectX-Headers\include\directx</Filter>
    </ClInclude>
    <ClInclude Include="thirdparty\DirectX-Headers\include\directx\d3dx12_core.h">
      <Filter>thirdparty\DirectX-Headers\include\directx</Filter>
    </ClInclude>
    <ClInclude Include="thirdparty\DirectX-Headers\include\directx\d3dx12_default.h">
      <Filter>thirdparty\DirectX-Headers\include\directx</Filter>
    </ClInclude>
    <ClInclude Include="thirdparty\DirectX-Headers\include\directx\d3dx12_pipeline_state_stream.h">
      <Filter>thirdparty\DirectX-Headers\include\directx</Filter>
    </ClInclude>
    <ClInclude Include="thirdparty\DirectX-Headers\include\directx\d3dx12_property_format_table.h">
      <Filter>thirdparty\DirectX-Headers\include\directx</Filter>
    </ClInclude>
    <ClInclude Include="thirdparty\DirectX-Headers\include\directx\d3dx12_render_pass.h">
      <Filter>thirdparty\DirectX-Headers\include\directx</Filter>
    </ClInclude>
    <ClInclude Include="thirdparty\DirectX-Headers\include\directx\d3dx12_resource_helpers.h">
      <Filter>thirdparty\DirectX-Headers\include\directx</Filter>
    </ClInclude>
    <ClInclude Include="thirdparty\DirectX-Headers\include\directx\d3dx12_root_signature.h">
      <Filter>thirdparty\DirectX-Headers\include\directx</Filter>
    </ClInclude>
    <ClInclude Include="thirdparty\DirectX-Headers\include\directx\d3dx12_state_object.h">
      <Filter>thirdparty\DirectX-Headers\include\directx</Filter>
    </ClInclude>
    <ClInclude Include="thirdparty\DirectX-Headers\include\directx\dxcore.h">
      <Filter>thirdparty\DirectX-Headers\include\directx</Filter>
    </ClInclude>
    <ClInclude Include="thirdparty\DirectX-Headers\include\directx\dxcore_interface.h">
      <Filter>thirdparty\DirectX-Headers\include\directx</Filter>
    </ClInclude>
    <ClInclude Include="thirdparty\DirectX-Headers\include\directx\dxgicommon.h">
      <Filter>thirdparty\DirectX-Headers\include\directx</Filter>
    </ClInclude>
    <ClInclude Include="thirdparty\DirectX-Headers\include\directx\dxgiformat.h">
      <Filter>thirdparty\DirectX-Headers\include\directx</Filter>
    </ClInclude>
    <ClInclude Include="thirdparty\DirectX-Headers\include\dxguids\dxguids.h">
      <Filter>thirdparty\DirectX-Headers\include\dxguids</Filter>
    </ClInclude>
    <ClInclude Include="thirdparty\DirectX-Headers\include\wsl\stubs\basetsd.h">
      <Filter>thirdparty\DirectX-Headers\include\wsl\stubs</Filter>
    </ClInclude>
    <ClInclude Include="thirdparty\DirectX-Headers\include\wsl\stubs\oaidl.h">
      <Filter>thirdparty\DirectX-Headers\include\wsl\stubs</Filter>
    </ClInclude>
    <ClInclude Include="thirdparty\DirectX-Headers\include\wsl\stubs\ocidl.h">
      <Filter>thirdparty\DirectX-Headers\include\wsl\stubs</Filter>
    </ClInclude>
    <ClInclude Include="thirdparty\DirectX-Headers\include\wsl\stubs\rpc.h">
      <Filter>thirdparty\DirectX-Headers\include\wsl\stubs</Filter>
    </ClInclude>
    <ClInclude Include="thirdparty\DirectX-Headers\include\wsl\stubs\rpcndr.h">
      <Filter>thirdparty\DirectX-Headers\include\wsl\stubs</Filter>
    </ClInclude>
    <ClInclude Include="thirdparty\DirectX-Headers\include\wsl\stubs\unknwn.h">
      <Filter>thirdparty\DirectX-Headers\include\wsl\stubs</Filter>
    </ClInclude>
    <ClInclude Include="thirdparty\DirectX-Headers\include\wsl\stubs\unknwnbase.h">
      <Filter>thirdparty\DirectX-Headers\include\wsl\stubs</Filter>
    </ClInclude>
    <ClInclude Include="thirdparty\DirectX-Headers\include\wsl\stubs\winapifamily.h">
      <Filter>thirdparty\DirectX-Headers\include\wsl\stubs</Filter>
    </ClInclude>
    <ClInclude Include="thirdparty\DirectX-Headers\include\wsl\stubs\wrl\client.h">
      <Filter>thirdparty\DirectX-Headers\include\wsl\stubs\wrl</Filter>
    </ClInclude>
    <ClInclude Include="thirdparty\DirectX-Headers\include\wsl\stubs\wrl\implements.h">
      <Filter>thirdparty\DirectX-Headers\include\wsl\stubs\wrl</Filter>
    </ClInclude>
    <ClInclude Include="thirdparty\DirectX-Headers\include\wsl\winadapter.h">
      <Filter>thirdparty\DirectX-Headers\include\wsl</Filter>
    </ClInclude>
    <ClInclude Include="thirdparty\DirectX-Headers\include\wsl\wrladapter.h">
      <Filter>thirdparty\DirectX-Headers\include\wsl</Filter>
    </ClInclude>
    <ClInclude Include="thirdparty\Vulkan-Headers\include\vk_video\vulkan_video_codec_av1std.h">
      <Filter>thirdparty\Vulkan-Headers\include\vk_video</Filter>
    </ClInclude>
    <ClInclude Include="thirdparty\Vulkan-Headers\include\vk_video\vulkan_video_codec_av1std_decode.h">
      <Filter>thirdparty\Vulkan-Headers\include\vk_video</Filter>
    </ClInclude>
    <ClInclude Include="thirdparty\Vulkan-Headers\include\vk_video\vulkan_video_codec_av1std_encode.h">
      <Filter>thirdparty\Vulkan-Headers\include\vk_video</Filter>
    </ClInclude>
    <ClInclude Include="thirdparty\Vulkan-Headers\include\vk_video\vulkan_video_codec_h264std.h">
      <Filter>thirdparty\Vulkan-Headers\include\vk_video</Filter>
    </ClInclude>
    <ClInclude Include="thirdparty\Vulkan-Headers\include\vk_video\vulkan_video_codec_h264std_decode.h">
      <Filter>thirdparty\Vulkan-Headers\include\vk_video</Filter>
    </ClInclude>
    <ClInclude Include="thirdparty\Vulkan-Headers\include\vk_video\vulkan_video_codec_h264std_encode.h">
      <Filter>thirdparty\Vulkan-Headers\include\vk_video</Filter>
    </ClInclude>
    <ClInclude Include="thirdparty\Vulkan-Headers\include\vk_video\vulkan_video_codec_h265std.h">
      <Filter>thirdparty\Vulkan-Headers\include\vk_video</Filter>
    </ClInclude>
    <ClInclude Include="thirdparty\Vulkan-Headers\include\vk_video\vulkan_video_codec_h265std_decode.h">
      <Filter>thirdparty\Vulkan-Headers\include\vk_video</Filter>
    </ClInclude>
    <ClInclude Include="thirdparty\Vulkan-Headers\include\vk_video\vulkan_video_codec_h265std_encode.h">
      <Filter>thirdparty\Vulkan-Headers\include\vk_video</Filter>
    </ClInclude>
    <ClInclude Include="thirdparty\Vulkan-Headers\include\vk_video\vulkan_video_codecs_common.h">
      <Filter>thirdparty\Vulkan-Headers\include\vk_video</Filter>
    </ClInclude>
    <ClInclude Include="thirdparty\Vulkan-Headers\include\vulkan\vk_icd.h">
      <Filter>thirdparty\Vulkan-Headers\include\vulkan</Filter>
    </ClInclude>
    <ClInclude Include="thirdparty\Vulkan-Headers\include\vulkan\vk_layer.h">
      <Filter>thirdparty\Vulkan-Headers\include\vulkan</Filter>
    </ClInclude>
    <ClInclude Include="thirdparty\Vulkan-Headers\include\vulkan\vk_platform.h">
      <Filter>thirdparty\Vulkan-Headers\include\vulkan</Filter>
    </ClInclude>
    <ClInclude Include="thirdparty\Vulkan-Headers\include\vulkan\vulkan.h">
      <Filter>thirdparty\Vulkan-Headers\include\vulkan</Filter>
    </ClInclude>
    <ClInclude Include="thirdparty\Vulkan-Headers\include\vulkan\vulkan_android.h">
      <Filter>thirdparty\Vulkan-Headers\include\vulkan</Filter>
    </ClInclude>
    <ClInclude Include="thirdparty\Vulkan-Headers\include\vulkan\vulkan_beta.h">
      <Filter>thirdparty\Vulkan-Headers\include\vulkan</Filter>
    </ClInclude>
    <ClInclude Include="thirdparty\Vulkan-Headers\include\vulkan\vulkan_core.h">
      <Filter>thirdparty\Vulkan-Headers\include\vulkan</Filter>
    </ClInclude>
    <ClInclude Include="thirdparty\Vulkan-Headers\include\vulkan\vulkan_directfb.h">
      <Filter>thirdparty\Vulkan-Headers\include\vulkan</Filter>
    </ClInclude>
    <ClInclude Include="thirdparty\Vulkan-Headers\include\vulkan\vulkan_fuchsia.h">
      <Filter>thirdparty\Vulkan-Headers\include\vulkan</Filter>
    </ClInclude>
    <ClInclude Include="thirdparty\Vulkan-Headers\include\vulkan\vulkan_ggp.h">
      <Filter>thirdparty\Vulkan-Headers\include\vulkan</Filter>
    </ClInclude>
    <ClInclude Include="thirdparty\Vulkan-Headers\include\vulkan\vulkan_ios.h">
      <Filter>thirdparty\Vulkan-Headers\include\vulkan</Filter>
    </ClInclude>
    <ClInclude Include="thirdparty\Vulkan-Headers\include\vulkan\vulkan_macos.h">
      <Filter>thirdparty\Vulkan-Headers\include\vulkan</Filter>
    </ClInclude>
    <ClInclude Include="thirdparty\Vulkan-Headers\include\vulkan\vulkan_metal.h">
      <Filter>thirdparty\Vulkan-Headers\include\vulkan</Filter>
    </ClInclude>
    <ClInclude Include="thirdparty\Vulkan-Headers\include\vulkan\vulkan_screen.h">
      <Filter>thirdparty\Vulkan-Headers\include\vulkan</Filter>
    </ClInclude>
    <ClInclude Include="thirdparty\Vulkan-Headers\include\vulkan\vulkan_vi.h">
      <Filter>thirdparty\Vulkan-Headers\include\vulkan</Filter>
    </ClInclude>
    <ClInclude Include="thirdparty\Vulkan-Headers\include\vulkan\vulkan_wayland.h">
      <Filter>thirdparty\Vulkan-Headers\include\vulkan</Filter>
    </ClInclude>
    <ClInclude Include="thirdparty\Vulkan-Headers\include\vulkan\vulkan_win32.h">
      <Filter>thirdparty\Vulkan-Headers\include\vulkan</Filter>
    </ClInclude>
    <ClInclude Include="thirdparty\Vulkan-Headers\include\vulkan\vulkan_xcb.h">
      <Filter>thirdparty\Vulkan-Headers\include\vulkan</Filter>
    </ClInclude>
    <ClInclude Include="thirdparty\Vulkan-Headers\include\vulkan\vulkan_xlib.h">
      <Filter>thirdparty\Vulkan-Headers\include\vulkan</Filter>
    </ClInclude>
    <ClInclude Include="thirdparty\Vulkan-Headers\include\vulkan\vulkan_xlib_xrandr.h">
      <Filter>thirdparty\Vulkan-Headers\include\vulkan</Filter>
    </ClInclude>
  </ItemGroup>
  <ItemGroup>
    <ClCompile Include="src\common\aftermath.cpp">
      <Filter>src\common</Filter>
    </ClCompile>
    <ClCompile Include="src\common\dxgi-format.cpp">
      <Filter>src\common</Filter>
    </ClCompile>
    <ClCompile Include="src\common\format-info.cpp">
      <Filter>src\common</Filter>
    </ClCompile>
    <ClCompile Include="src\common\misc.cpp">
      <Filter>src\common</Filter>
    </ClCompile>
    <ClCompile Include="src\common\sparse-bitset.cpp">
      <Filter>src\common</Filter>
    </ClCompile>
    <ClCompile Include="src\common\state-tracking.cpp">
      <Filter>src\common</Filter>
    </ClCompile>
    <ClCompile Include="src\common\utils.cpp">
      <Filter>src\common</Filter>
    </ClCompile>
    <ClCompile Include="src\d3d11\d3d11-buffer.cpp">
      <Filter>src\d3d11</Filter>
    </ClCompile>
    <ClCompile Include="src\d3d11\d3d11-commandlist.cpp">
      <Filter>src\d3d11</Filter>
    </ClCompile>
    <ClCompile Include="src\d3d11\d3d11-compute.cpp">
      <Filter>src\d3d11</Filter>
    </ClCompile>
    <ClCompile Include="src\d3d11\d3d11-constants.cpp">
      <Filter>src\d3d11</Filter>
    </ClCompile>
    <ClCompile Include="src\d3d11\d3d11-device.cpp">
      <Filter>src\d3d11</Filter>
    </ClCompile>
    <ClCompile Include="src\d3d11\d3d11-graphics.cpp">
      <Filter>src\d3d11</Filter>
    </ClCompile>
    <ClCompile Include="src\d3d11\d3d11-queries.cpp">
      <Filter>src\d3d11</Filter>
    </ClCompile>
    <ClCompile Include="src\d3d11\d3d11-resource-bindings.cpp">
      <Filter>src\d3d11</Filter>
    </ClCompile>
    <ClCompile Include="src\d3d11\d3d11-shader.cpp">
      <Filter>src\d3d11</Filter>
    </ClCompile>
    <ClCompile Include="src\d3d11\d3d11-texture.cpp">
      <Filter>src\d3d11</Filter>
    </ClCompile>
    <ClCompile Include="src\d3d12\d3d12-buffer.cpp">
      <Filter>src\d3d12</Filter>
    </ClCompile>
    <ClCompile Include="src\d3d12\d3d12-commandlist.cpp">
      <Filter>src\d3d12</Filter>
    </ClCompile>
    <ClCompile Include="src\d3d12\d3d12-compute.cpp">
      <Filter>src\d3d12</Filter>
    </ClCompile>
    <ClCompile Include="src\d3d12\d3d12-constants.cpp">
      <Filter>src\d3d12</Filter>
    </ClCompile>
    <ClCompile Include="src\d3d12\d3d12-descriptor-heap.cpp">
      <Filter>src\d3d12</Filter>
    </ClCompile>
    <ClCompile Include="src\d3d12\d3d12-device.cpp">
      <Filter>src\d3d12</Filter>
    </ClCompile>
    <ClCompile Include="src\d3d12\d3d12-graphics.cpp">
      <Filter>src\d3d12</Filter>
    </ClCompile>
    <ClCompile Include="src\d3d12\d3d12-meshlets.cpp">
      <Filter>src\d3d12</Filter>
    </ClCompile>
    <ClCompile Include="src\d3d12\d3d12-queries.cpp">
      <Filter>src\d3d12</Filter>
    </ClCompile>
    <ClCompile Include="src\d3d12\d3d12-raytracing.cpp">
      <Filter>src\d3d12</Filter>
    </ClCompile>
    <ClCompile Include="src\d3d12\d3d12-resource-bindings.cpp">
      <Filter>src\d3d12</Filter>
    </ClCompile>
    <ClCompile Include="src\d3d12\d3d12-shader.cpp">
      <Filter>src\d3d12</Filter>
    </ClCompile>
    <ClCompile Include="src\d3d12\d3d12-state-tracking.cpp">
      <Filter>src\d3d12</Filter>
    </ClCompile>
    <ClCompile Include="src\d3d12\d3d12-texture.cpp">
      <Filter>src\d3d12</Filter>
    </ClCompile>
    <ClCompile Include="src\d3d12\d3d12-upload.cpp">
      <Filter>src\d3d12</Filter>
    </ClCompile>
    <ClCompile Include="src\validation\validation-commandlist.cpp">
      <Filter>src\validation</Filter>
    </ClCompile>
    <ClCompile Include="src\validation\validation-device.cpp">
      <Filter>src\validation</Filter>
    </ClCompile>
    <ClCompile Include="src\vulkan\vulkan-allocator.cpp">
      <Filter>src\vulkan</Filter>
    </ClCompile>
    <ClCompile Include="src\vulkan\vulkan-buffer.cpp">
      <Filter>src\vulkan</Filter>
    </ClCompile>
    <ClCompile Include="src\vulkan\vulkan-commandlist.cpp">
      <Filter>src\vulkan</Filter>
    </ClCompile>
    <ClCompile Include="src\vulkan\vulkan-compute.cpp">
      <Filter>src\vulkan</Filter>
    </ClCompile>
    <ClCompile Include="src\vulkan\vulkan-constants.cpp">
      <Filter>src\vulkan</Filter>
    </ClCompile>
    <ClCompile Include="src\vulkan\vulkan-device.cpp">
      <Filter>src\vulkan</Filter>
    </ClCompile>
    <ClCompile Include="src\vulkan\vulkan-graphics.cpp">
      <Filter>src\vulkan</Filter>
    </ClCompile>
    <ClCompile Include="src\vulkan\vulkan-meshlets.cpp">
      <Filter>src\vulkan</Filter>
    </ClCompile>
    <ClCompile Include="src\vulkan\vulkan-queries.cpp">
      <Filter>src\vulkan</Filter>
    </ClCompile>
    <ClCompile Include="src\vulkan\vulkan-queue.cpp">
      <Filter>src\vulkan</Filter>
    </ClCompile>
    <ClCompile Include="src\vulkan\vulkan-raytracing.cpp">
      <Filter>src\vulkan</Filter>
    </ClCompile>
    <ClCompile Include="src\vulkan\vulkan-resource-bindings.cpp">
      <Filter>src\vulkan</Filter>
    </ClCompile>
    <ClCompile Include="src\vulkan\vulkan-shader.cpp">
      <Filter>src\vulkan</Filter>
    </ClCompile>
    <ClCompile Include="src\vulkan\vulkan-staging-texture.cpp">
      <Filter>src\vulkan</Filter>
    </ClCompile>
    <ClCompile Include="src\vulkan\vulkan-state-tracking.cpp">
      <Filter>src\vulkan</Filter>
    </ClCompile>
    <ClCompile Include="src\vulkan\vulkan-texture.cpp">
      <Filter>src\vulkan</Filter>
    </ClCompile>
    <ClCompile Include="src\vulkan\vulkan-upload.cpp">
      <Filter>src\vulkan</Filter>
    </ClCompile>
    <ClCompile Include="thirdparty\DirectX-Headers\src\d3dx12_property_format_table.cpp">
      <Filter>thirdparty\DirectX-Headers\src</Filter>
    </ClCompile>
    <ClCompile Include="thirdparty\DirectX-Headers\src\dxguids.cpp">
      <Filter>thirdparty\DirectX-Headers\src</Filter>
    </ClCompile>
  </ItemGroup>
</Project>